{
  "originHash" : "854130fb8c2c73ebb64cc8aff44c1e3ba15f3d07e46d175a41278525527ba380",
  "pins" : [
    {
      "identity" : "sparkle",
      "kind" : "remoteSourceControl",
      "location" : "https://github.com/sparkle-project/Sparkle.git",
      "state" : {
        "revision" : "b6496a74a087257ef5e6da1c5b29a447a60f5bd7",
        "version" : "2.9.4"
      }
    },
    {
      "identity" : "swift-argument-parser",
      "kind" : "remoteSourceControl",
      "location" : "https://github.com/apple/swift-argument-parser",
      "state" : {
        "revision" : "6a52f3251125d74daf04fcbd5e6f08a75d074382",
        "version" : "1.8.2"
      }
    },
    {
      "identity" : "swiftterm",
      "kind" : "remoteSourceControl",
      "location" : "https://github.com/klc/SwiftTerm.git",
      "state" : {
        "revision" : "983cfbfaaac43cc9635d8c6983d4c4167b9b7bfd"
      }
    }
  ],
  "version" : 3
}
